// !$*UTF8*$!
{
	archiveVersion = 1;
	classes = {
	};
	objectVersion = 55;
	objects = {

/* Begin PBXBuildFile section */
		45807A8729EC284E00E0B999 /* AppDelegate.swift in Sources */ = {isa = PBXBuildFile; fileRef = 45807A8629EC284E00E0B999 /* AppDelegate.swift */; };
		45807A8929EC284E00E0B999 /* SceneDelegate.swift in Sources */ = {isa = PBXBuildFile; fileRef = 45807A8829EC284E00E0B999 /* SceneDelegate.swift */; };
		45807A8E29EC284E00E0B999 /* TeamViewController.storyboard in Resources */ = {isa = PBXBuildFile; fileRef = 45807A8C29EC284E00E0B999 /* TeamViewController.storyboard */; };
		45807A9029EC285000E0B999 /* Assets.xcassets in Resources */ = {isa = PBXBuildFile; fileRef = 45807A8F29EC285000E0B999 /* Assets.xcassets */; };
		45807A9329EC285000E0B999 /* LaunchScreen.storyboard in Resources */ = {isa = PBXBuildFile; fileRef = 45807A9129EC285000E0B999 /* LaunchScreen.storyboard */; };
		A22B95FC29F0411400A3E2D6 /* CorrectViewController.storyboard in Resources */ = {isa = PBXBuildFile; fileRef = A22B95FB29F0411400A3E2D6 /* CorrectViewController.storyboard */; };
		A22B95FE29F0414300A3E2D6 /* WrongViewController.storyboard in Resources */ = {isa = PBXBuildFile; fileRef = A22B95FD29F0414300A3E2D6 /* WrongViewController.storyboard */; };
		A22B960029F0415000A3E2D6 /* GameResultViewController.storyboard in Resources */ = {isa = PBXBuildFile; fileRef = A22B95FF29F0415000A3E2D6 /* GameResultViewController.storyboard */; };
		A22B960229F04BEE00A3E2D6 /* Cookie-Regular.ttf in Resources */ = {isa = PBXBuildFile; fileRef = A22B960129F04BEE00A3E2D6 /* Cookie-Regular.ttf */; };
		A22C3DF229F0AAD100046192 /* TeamViewController.swift in Sources */ = {isa = PBXBuildFile; fileRef = A22C3DF129F0AAD100046192 /* TeamViewController.swift */; };
		A256088829F17DEA006E5ACB /* CustomView.swift in Sources */ = {isa = PBXBuildFile; fileRef = A256088729F17DEA006E5ACB /* CustomView.swift */; };
		EB22EEEE29F1B98600738877 /* FirstScreen.storyboard in Resources */ = {isa = PBXBuildFile; fileRef = EB22EEED29F1B98600738877 /* FirstScreen.storyboard */; };
/* End PBXBuildFile section */

/* Begin PBXFileReference section */
		45807A8329EC284E00E0B999 /* CrocodileApp.app */ = {isa = PBXFileReference; explicitFileType = wrapper.application; includeInIndex = 0; path = CrocodileApp.app; sourceTree = BUILT_PRODUCTS_DIR; };
		45807A8629EC284E00E0B999 /* AppDelegate.swift */ = {isa = PBXFileReference; lastKnownFileType = sourcecode.swift; path = AppDelegate.swift; sourceTree = "<group>"; };
		45807A8829EC284E00E0B999 /* SceneDelegate.swift */ = {isa = PBXFileReference; lastKnownFileType = sourcecode.swift; path = SceneDelegate.swift; sourceTree = "<group>"; };
		45807A8D29EC284E00E0B999 /* Base */ = {isa = PBXFileReference; lastKnownFileType = file.storyboard; name = Base; path = Base.lproj/TeamViewController.storyboard; sourceTree = "<group>"; };
		45807A8F29EC285000E0B999 /* Assets.xcassets */ = {isa = PBXFileReference; lastKnownFileType = folder.assetcatalog; path = Assets.xcassets; sourceTree = "<group>"; };
		45807A9229EC285000E0B999 /* Base */ = {isa = PBXFileReference; lastKnownFileType = file.storyboard; name = Base; path = Base.lproj/LaunchScreen.storyboard; sourceTree = "<group>"; };
		45807A9429EC285000E0B999 /* Info.plist */ = {isa = PBXFileReference; lastKnownFileType = text.plist.xml; path = Info.plist; sourceTree = "<group>"; };
		A22B95FB29F0411400A3E2D6 /* CorrectViewController.storyboard */ = {isa = PBXFileReference; lastKnownFileType = file.storyboard; path = CorrectViewController.storyboard; sourceTree = "<group>"; };
		A22B95FD29F0414300A3E2D6 /* WrongViewController.storyboard */ = {isa = PBXFileReference; lastKnownFileType = file.storyboard; path = WrongViewController.storyboard; sourceTree = "<group>"; };
		A22B95FF29F0415000A3E2D6 /* GameResultViewController.storyboard */ = {isa = PBXFileReference; lastKnownFileType = file.storyboard; path = GameResultViewController.storyboard; sourceTree = "<group>"; };
		A22B960129F04BEE00A3E2D6 /* Cookie-Regular.ttf */ = {isa = PBXFileReference; lastKnownFileType = file; path = "Cookie-Regular.ttf"; sourceTree = "<group>"; };
		A22C3DF129F0AAD100046192 /* TeamViewController.swift */ = {isa = PBXFileReference; fileEncoding = 4; lastKnownFileType = sourcecode.swift; path = TeamViewController.swift; sourceTree = "<group>"; };
		A256088729F17DEA006E5ACB /* CustomView.swift */ = {isa = PBXFileReference; lastKnownFileType = sourcecode.swift; path = CustomView.swift; sourceTree = "<group>"; };
		EB22EEED29F1B98600738877 /* FirstScreen.storyboard */ = {isa = PBXFileReference; fileEncoding = 4; lastKnownFileType = file.storyboard; path = FirstScreen.storyboard; sourceTree = "<group>"; };
/* End PBXFileReference section */

/* Begin PBXFrameworksBuildPhase section */
		45807A8029EC284E00E0B999 /* Frameworks */ = {
			isa = PBXFrameworksBuildPhase;
			buildActionMask = 2147483647;
			files = (
			);
			runOnlyForDeploymentPostprocessing = 0;
		};
/* End PBXFrameworksBuildPhase section */

/* Begin PBXGroup section */
		45807A7A29EC284E00E0B999 = {
			isa = PBXGroup;
			children = (
				45807A8529EC284E00E0B999 /* CrocodileApp */,
				45807A8429EC284E00E0B999 /* Products */,
			);
			sourceTree = "<group>";
		};
		45807A8429EC284E00E0B999 /* Products */ = {
			isa = PBXGroup;
			children = (
				45807A8329EC284E00E0B999 /* CrocodileApp.app */,
			);
			name = Products;
			sourceTree = "<group>";
		};
		45807A8529EC284E00E0B999 /* CrocodileApp */ = {
			isa = PBXGroup;
			children = (
				A22C3DF329F0AC1100046192 /* Application */,
				A22C3DF529F0AC9600046192 /* Resources */,
				A22C3DF429F0AC2400046192 /* Views */,
				A22C3DF629F0ACC800046192 /* Controllers */,
				A256088929F17DFD006E5ACB /* Customs */,
			);
			path = CrocodileApp;
			sourceTree = "<group>";
		};
		A22C3DF329F0AC1100046192 /* Application */ = {
			isa = PBXGroup;
			children = (
				45807A8629EC284E00E0B999 /* AppDelegate.swift */,
				45807A8829EC284E00E0B999 /* SceneDelegate.swift */,
			);
			path = Application;
			sourceTree = "<group>";
		};
		A22C3DF429F0AC2400046192 /* Views */ = {
			isa = PBXGroup;
			children = (
				EB22EEED29F1B98600738877 /* FirstScreen.storyboard */,
				45807A8C29EC284E00E0B999 /* TeamViewController.storyboard */,
				A22B95FB29F0411400A3E2D6 /* CorrectViewController.storyboard */,
				A22B95FD29F0414300A3E2D6 /* WrongViewController.storyboard */,
				A22B95FF29F0415000A3E2D6 /* GameResultViewController.storyboard */,
				45807A9129EC285000E0B999 /* LaunchScreen.storyboard */,
			);
			path = Views;
			sourceTree = "<group>";
		};
		A22C3DF529F0AC9600046192 /* Resources */ = {
			isa = PBXGroup;
			children = (
				45807A8F29EC285000E0B999 /* Assets.xcassets */,
				A22B960129F04BEE00A3E2D6 /* Cookie-Regular.ttf */,
				45807A9429EC285000E0B999 /* Info.plist */,
			);
			path = Resources;
			sourceTree = "<group>";
		};
		A22C3DF629F0ACC800046192 /* Controllers */ = {
			isa = PBXGroup;
			children = (
				A22C3DF129F0AAD100046192 /* TeamViewController.swift */,
			);
			path = Controllers;
			sourceTree = "<group>";
		};
		A256088929F17DFD006E5ACB /* Customs */ = {
			isa = PBXGroup;
			children = (
				A256088729F17DEA006E5ACB /* CustomView.swift */,
			);
			path = Customs;
			sourceTree = "<group>";
		};
/* End PBXGroup section */

/* Begin PBXNativeTarget section */
		45807A8229EC284E00E0B999 /* CrocodileApp */ = {
			isa = PBXNativeTarget;
			buildConfigurationList = 45807A9729EC285000E0B999 /* Build configuration list for PBXNativeTarget "CrocodileApp" */;
			buildPhases = (
				45807A7F29EC284E00E0B999 /* Sources */,
				45807A8029EC284E00E0B999 /* Frameworks */,
				45807A8129EC284E00E0B999 /* Resources */,
			);
			buildRules = (
			);
			dependencies = (
			);
			name = CrocodileApp;
			productName = CrocodileApp;
			productReference = 45807A8329EC284E00E0B999 /* CrocodileApp.app */;
			productType = "com.apple.product-type.application";
		};
/* End PBXNativeTarget section */

/* Begin PBXProject section */
		45807A7B29EC284E00E0B999 /* Project object */ = {
			isa = PBXProject;
			attributes = {
				BuildIndependentTargetsInParallel = 1;
				LastSwiftUpdateCheck = 1420;
				LastUpgradeCheck = 1420;
				TargetAttributes = {
					45807A8229EC284E00E0B999 = {
						CreatedOnToolsVersion = 14.2;
					};
				};
			};
			buildConfigurationList = 45807A7E29EC284E00E0B999 /* Build configuration list for PBXProject "CrocodileApp" */;
			compatibilityVersion = "Xcode 13.0";
			developmentRegion = en;
			hasScannedForEncodings = 0;
			knownRegions = (
				en,
				Base,
			);
			mainGroup = 45807A7A29EC284E00E0B999;
			productRefGroup = 45807A8429EC284E00E0B999 /* Products */;
			projectDirPath = "";
			projectRoot = "";
			targets = (
				45807A8229EC284E00E0B999 /* CrocodileApp */,
			);
		};
/* End PBXProject section */

/* Begin PBXResourcesBuildPhase section */
		45807A8129EC284E00E0B999 /* Resources */ = {
			isa = PBXResourcesBuildPhase;
			buildActionMask = 2147483647;
			files = (
				A22B95FE29F0414300A3E2D6 /* WrongViewController.storyboard in Resources */,
				A22B95FC29F0411400A3E2D6 /* CorrectViewController.storyboard in Resources */,
				A22B960229F04BEE00A3E2D6 /* Cookie-Regular.ttf in Resources */,
				45807A9329EC285000E0B999 /* LaunchScreen.storyboard in Resources */,
				45807A9029EC285000E0B999 /* Assets.xcassets in Resources */,
				EB22EEEE29F1B98600738877 /* FirstScreen.storyboard in Resources */,
				A22B960029F0415000A3E2D6 /* GameResultViewController.storyboard in Resources */,
				45807A8E29EC284E00E0B999 /* TeamViewController.storyboard in Resources */,
			);
			runOnlyForDeploymentPostprocessing = 0;
		};
/* End PBXResourcesBuildPhase section */

/* Begin PBXSourcesBuildPhase section */
		45807A7F29EC284E00E0B999 /* Sources */ = {
			isa = PBXSourcesBuildPhase;
			buildActionMask = 2147483647;
			files = (
				45807A8729EC284E00E0B999 /* AppDelegate.swift in Sources */,
				A256088829F17DEA006E5ACB /* CustomView.swift in Sources */,
				A22C3DF229F0AAD100046192 /* TeamViewController.swift in Sources */,
				45807A8929EC284E00E0B999 /* SceneDelegate.swift in Sources */,
			);
			runOnlyForDeploymentPostprocessing = 0;
		};
/* End PBXSourcesBuildPhase section */

/* Begin PBXVariantGroup section */
		45807A8C29EC284E00E0B999 /* TeamViewController.storyboard */ = {
			isa = PBXVariantGroup;
			children = (
				45807A8D29EC284E00E0B999 /* Base */,
			);
			name = TeamViewController.storyboard;
			sourceTree = "<group>";
		};
		45807A9129EC285000E0B999 /* LaunchScreen.storyboard */ = {
			isa = PBXVariantGroup;
			children = (
				45807A9229EC285000E0B999 /* Base */,
			);
			name = LaunchScreen.storyboard;
			sourceTree = "<group>";
		};
/* End PBXVariantGroup section */

/* Begin XCBuildConfiguration section */
		45807A9529EC285000E0B999 /* Debug */ = {
			isa = XCBuildConfiguration;
			buildSettings = {
				ALWAYS_SEARCH_USER_PATHS = NO;
				CLANG_ANALYZER_NONNULL = YES;
				CLANG_ANALYZER_NUMBER_OBJECT_CONVERSION = YES_AGGRESSIVE;
				CLANG_CXX_LANGUAGE_STANDARD = "gnu++20";
				CLANG_ENABLE_MODULES = YES;
				CLANG_ENABLE_OBJC_ARC = YES;
				CLANG_ENABLE_OBJC_WEAK = YES;
				CLANG_WARN_BLOCK_CAPTURE_AUTORELEASING = YES;
				CLANG_WARN_BOOL_CONVERSION = YES;
				CLANG_WARN_COMMA = YES;
				CLANG_WARN_CONSTANT_CONVERSION = YES;
				CLANG_WARN_DEPRECATED_OBJC_IMPLEMENTATIONS = YES;
				CLANG_WARN_DIRECT_OBJC_ISA_USAGE = YES_ERROR;
				CLANG_WARN_DOCUMENTATION_COMMENTS = YES;
				CLANG_WARN_EMPTY_BODY = YES;
				CLANG_WARN_ENUM_CONVERSION = YES;
				CLANG_WARN_INFINITE_RECURSION = YES;
				CLANG_WARN_INT_CONVERSION = YES;
				CLANG_WARN_NON_LITERAL_NULL_CONVERSION = YES;
				CLANG_WARN_OBJC_IMPLICIT_RETAIN_SELF = YES;
				CLANG_WARN_OBJC_LITERAL_CONVERSION = YES;
				CLANG_WARN_OBJC_ROOT_CLASS = YES_ERROR;
				CLANG_WARN_QUOTED_INCLUDE_IN_FRAMEWORK_HEADER = YES;
				CLANG_WARN_RANGE_LOOP_ANALYSIS = YES;
				CLANG_WARN_STRICT_PROTOTYPES = YES;
				CLANG_WARN_SUSPICIOUS_MOVE = YES;
				CLANG_WARN_UNGUARDED_AVAILABILITY = YES_AGGRESSIVE;
				CLANG_WARN_UNREACHABLE_CODE = YES;
				CLANG_WARN__DUPLICATE_METHOD_MATCH = YES;
				COPY_PHASE_STRIP = NO;
				DEBUG_INFORMATION_FORMAT = dwarf;
				ENABLE_STRICT_OBJC_MSGSEND = YES;
				ENABLE_TESTABILITY = YES;
				GCC_C_LANGUAGE_STANDARD = gnu11;
				GCC_DYNAMIC_NO_PIC = NO;
				GCC_NO_COMMON_BLOCKS = YES;
				GCC_OPTIMIZATION_LEVEL = 0;
				GCC_PREPROCESSOR_DEFINITIONS = (
					"DEBUG=1",
					"$(inherited)",
				);
				GCC_WARN_64_TO_32_BIT_CONVERSION = YES;
				GCC_WARN_ABOUT_RETURN_TYPE = YES_ERROR;
				GCC_WARN_UNDECLARED_SELECTOR = YES;
				GCC_WARN_UNINITIALIZED_AUTOS = YES_AGGRESSIVE;
				GCC_WARN_UNUSED_FUNCTION = YES;
				GCC_WARN_UNUSED_VARIABLE = YES;
				IPHONEOS_DEPLOYMENT_TARGET = 16.2;
				MTL_ENABLE_DEBUG_INFO = INCLUDE_SOURCE;
				MTL_FAST_MATH = YES;
				ONLY_ACTIVE_ARCH = YES;
				SDKROOT = iphoneos;
				SWIFT_ACTIVE_COMPILATION_CONDITIONS = DEBUG;
				SWIFT_OPTIMIZATION_LEVEL = "-Onone";
			};
			name = Debug;
		};
		45807A9629EC285000E0B999 /* Release */ = {
			isa = XCBuildConfiguration;
			buildSettings = {
				ALWAYS_SEARCH_USER_PATHS = NO;
				CLANG_ANALYZER_NONNULL = YES;
				CLANG_ANALYZER_NUMBER_OBJECT_CONVERSION = YES_AGGRESSIVE;
				CLANG_CXX_LANGUAGE_STANDARD = "gnu++20";
				CLANG_ENABLE_MODULES = YES;
				CLANG_ENABLE_OBJC_ARC = YES;
				CLANG_ENABLE_OBJC_WEAK = YES;
				CLANG_WARN_BLOCK_CAPTURE_AUTORELEASING = YES;
				CLANG_WARN_BOOL_CONVERSION = YES;
				CLANG_WARN_COMMA = YES;
				CLANG_WARN_CONSTANT_CONVERSION = YES;
				CLANG_WARN_DEPRECATED_OBJC_IMPLEMENTATIONS = YES;
				CLANG_WARN_DIRECT_OBJC_ISA_USAGE = YES_ERROR;
				CLANG_WARN_DOCUMENTATION_COMMENTS = YES;
				CLANG_WARN_EMPTY_BODY = YES;
				CLANG_WARN_ENUM_CONVERSION = YES;
				CLANG_WARN_INFINITE_RECURSION = YES;
				CLANG_WARN_INT_CONVERSION = YES;
				CLANG_WARN_NON_LITERAL_NULL_CONVERSION = YES;
				CLANG_WARN_OBJC_IMPLICIT_RETAIN_SELF = YES;
				CLANG_WARN_OBJC_LITERAL_CONVERSION = YES;
				CLANG_WARN_OBJC_ROOT_CLASS = YES_ERROR;
				CLANG_WARN_QUOTED_INCLUDE_IN_FRAMEWORK_HEADER = YES;
				CLANG_WARN_RANGE_LOOP_ANALYSIS = YES;
				CLANG_WARN_STRICT_PROTOTYPES = YES;
				CLANG_WARN_SUSPICIOUS_MOVE = YES;
				CLANG_WARN_UNGUARDED_AVAILABILITY = YES_AGGRESSIVE;
				CLANG_WARN_UNREACHABLE_CODE = YES;
				CLANG_WARN__DUPLICATE_METHOD_MATCH = YES;
				COPY_PHASE_STRIP = NO;
				DEBUG_INFORMATION_FORMAT = "dwarf-with-dsym";
				ENABLE_NS_ASSERTIONS = NO;
				ENABLE_STRICT_OBJC_MSGSEND = YES;
				GCC_C_LANGUAGE_STANDARD = gnu11;
				GCC_NO_COMMON_BLOCKS = YES;
				GCC_WARN_64_TO_32_BIT_CONVERSION = YES;
				GCC_WARN_ABOUT_RETURN_TYPE = YES_ERROR;
				GCC_WARN_UNDECLARED_SELECTOR = YES;
				GCC_WARN_UNINITIALIZED_AUTOS = YES_AGGRESSIVE;
				GCC_WARN_UNUSED_FUNCTION = YES;
				GCC_WARN_UNUSED_VARIABLE = YES;
				IPHONEOS_DEPLOYMENT_TARGET = 16.2;
				MTL_ENABLE_DEBUG_INFO = NO;
				MTL_FAST_MATH = YES;
				SDKROOT = iphoneos;
				SWIFT_COMPILATION_MODE = wholemodule;
				SWIFT_OPTIMIZATION_LEVEL = "-O";
				VALIDATE_PRODUCT = YES;
			};
			name = Release;
		};
		45807A9829EC285000E0B999 /* Debug */ = {
			isa = XCBuildConfiguration;
			buildSettings = {
				ASSETCATALOG_COMPILER_APPICON_NAME = AppIcon;
				ASSETCATALOG_COMPILER_GLOBAL_ACCENT_COLOR_NAME = AccentColor;
				CODE_SIGN_STYLE = Automatic;
				CURRENT_PROJECT_VERSION = 1;
				DEVELOPMENT_TEAM = 46DJ9V93JA;
				GENERATE_INFOPLIST_FILE = YES;
				INFOPLIST_FILE = CrocodileApp/Resources/Info.plist;
				INFOPLIST_KEY_UIApplicationSupportsIndirectInputEvents = YES;
				INFOPLIST_KEY_UILaunchStoryboardName = LaunchScreen;
				INFOPLIST_KEY_UIMainStoryboardFile = TeamViewController;
				INFOPLIST_KEY_UISupportedInterfaceOrientations_iPad = "UIInterfaceOrientationPortrait UIInterfaceOrientationPortraitUpsideDown UIInterfaceOrientationLandscapeLeft UIInterfaceOrientationLandscapeRight";
				INFOPLIST_KEY_UISupportedInterfaceOrientations_iPhone = "UIInterfaceOrientationPortrait UIInterfaceOrientationLandscapeLeft UIInterfaceOrientationLandscapeRight";
				IPHONEOS_DEPLOYMENT_TARGET = 13.0;
				LD_RUNPATH_SEARCH_PATHS = (
					"$(inherited)",
					"@executable_path/Frameworks",
				);
				MARKETING_VERSION = 1.0;
				PRODUCT_BUNDLE_IDENTIFIER = com.rakhat.CrocodileApp;
				PRODUCT_NAME = "$(TARGET_NAME)";
				SWIFT_EMIT_LOC_STRINGS = YES;
				SWIFT_VERSION = 5.0;
				TARGETED_DEVICE_FAMILY = "1,2";
			};
			name = Debug;
		};
		45807A9929EC285000E0B999 /* Release */ = {
			isa = XCBuildConfiguration;
			buildSettings = {
				ASSETCATALOG_COMPILER_APPICON_NAME = AppIcon;
				ASSETCATALOG_COMPILER_GLOBAL_ACCENT_COLOR_NAME = AccentColor;
				CODE_SIGN_STYLE = Automatic;
				CURRENT_PROJECT_VERSION = 1;
				DEVELOPMENT_TEAM = 46DJ9V93JA;
				GENERATE_INFOPLIST_FILE = YES;
				INFOPLIST_FILE = CrocodileApp/Resources/Info.plist;
				INFOPLIST_KEY_UIApplicationSupportsIndirectInputEvents = YES;
				INFOPLIST_KEY_UILaunchStoryboardName = LaunchScreen;
				INFOPLIST_KEY_UIMainStoryboardFile = TeamViewController;
				INFOPLIST_KEY_UISupportedInterfaceOrientations_iPad = "UIInterfaceOrientationPortrait UIInterfaceOrientationPortraitUpsideDown UIInterfaceOrientationLandscapeLeft UIInterfaceOrientationLandscapeRight";
				INFOPLIST_KEY_UISupportedInterfaceOrientations_iPhone = "UIInterfaceOrientationPortrait UIInterfaceOrientationLandscapeLeft UIInterfaceOrientationLandscapeRight";
				IPHONEOS_DEPLOYMENT_TARGET = 13.0;
				LD_RUNPATH_SEARCH_PATHS = (
					"$(inherited)",
					"@executable_path/Frameworks",
				);
				MARKETING_VERSION = 1.0;
				PRODUCT_BUNDLE_IDENTIFIER = com.rakhat.CrocodileApp;
				PRODUCT_NAME = "$(TARGET_NAME)";
				SWIFT_EMIT_LOC_STRINGS = YES;
				SWIFT_VERSION = 5.0;
				TARGETED_DEVICE_FAMILY = "1,2";
			};
			name = Release;
		};
/* End XCBuildConfiguration section */

/* Begin XCConfigurationList section */
		45807A7E29EC284E00E0B999 /* Build configuration list for PBXProject "CrocodileApp" */ = {
			isa = XCConfigurationList;
			buildConfigurations = (
				45807A9529EC285000E0B999 /* Debug */,
				45807A9629EC285000E0B999 /* Release */,
			);
			defaultConfigurationIsVisible = 0;
			defaultConfigurationName = Release;
		};
		45807A9729EC285000E0B999 /* Build configuration list for PBXNativeTarget "CrocodileApp" */ = {
			isa = XCConfigurationList;
			buildConfigurations = (
				45807A9829EC285000E0B999 /* Debug */,
				45807A9929EC285000E0B999 /* Release */,
			);
			defaultConfigurationIsVisible = 0;
			defaultConfigurationName = Release;
		};
/* End XCConfigurationList section */
	};
	rootObject = 45807A7B29EC284E00E0B999 /* Project object */;
}
